// !$*UTF8*$!
{
	archiveVersion = 1;
	classes = {
	};
	objectVersion = 56;
	objects = {

/* Begin PBXBuildFile section */
		C9AA40172AACD15200884175 /* AppDelegate.swift in Sources */ = {isa = PBXBuildFile; fileRef = C9AA40162AACD15200884175 /* AppDelegate.swift */; };
		C9AA40192AACD15200884175 /* SceneDelegate.swift in Sources */ = {isa = PBXBuildFile; fileRef = C9AA40182AACD15200884175 /* SceneDelegate.swift */; };
		C9AA401B2AACD15200884175 /* ViewController.swift in Sources */ = {isa = PBXBuildFile; fileRef = C9AA401A2AACD15200884175 /* ViewController.swift */; };
		C9AA401E2AACD15200884175 /* Main.storyboard in Resources */ = {isa = PBXBuildFile; fileRef = C9AA401C2AACD15200884175 /* Main.storyboard */; };
		C9AA40202AACD15300884175 /* Assets.xcassets in Resources */ = {isa = PBXBuildFile; fileRef = C9AA401F2AACD15300884175 /* Assets.xcassets */; };
		C9AA40232AACD15300884175 /* LaunchScreen.storyboard in Resources */ = {isa = PBXBuildFile; fileRef = C9AA40212AACD15300884175 /* LaunchScreen.storyboard */; };
		C9AA402E2AACD15300884175 /* car_optionsTests.swift in Sources */ = {isa = PBXBuildFile; fileRef = C9AA402D2AACD15300884175 /* car_optionsTests.swift */; };
		C9AA40382AACD15300884175 /* car_optionsUITests.swift in Sources */ = {isa = PBXBuildFile; fileRef = C9AA40372AACD15300884175 /* car_optionsUITests.swift */; };
		C9AA403A2AACD15300884175 /* car_optionsUITestsLaunchTests.swift in Sources */ = {isa = PBXBuildFile; fileRef = C9AA40392AACD15300884175 /* car_optionsUITestsLaunchTests.swift */; };
/* End PBXBuildFile section */

/* Begin PBXContainerItemProxy section */
		C9AA402A2AACD15300884175 /* PBXContainerItemProxy */ = {
			isa = PBXContainerItemProxy;
			containerPortal = C9AA400B2AACD15200884175 /* Project object */;
			proxyType = 1;
			remoteGlobalIDString = C9AA40122AACD15200884175;
			remoteInfo = "car options";
		};
		C9AA40342AACD15300884175 /* PBXContainerItemProxy */ = {
			isa = PBXContainerItemProxy;
			containerPortal = C9AA400B2AACD15200884175 /* Project object */;
			proxyType = 1;
			remoteGlobalIDString = C9AA40122AACD15200884175;
			remoteInfo = "car options";
		};
/* End PBXContainerItemProxy section */

/* Begin PBXFileReference section */
		C9AA40132AACD15200884175 /* car options.app */ = {isa = PBXFileReference; explicitFileType = wrapper.application; includeInIndex = 0; path = "car options.app"; sourceTree = BUILT_PRODUCTS_DIR; };
		C9AA40162AACD15200884175 /* AppDelegate.swift */ = {isa = PBXFileReference; lastKnownFileType = sourcecode.swift; path = AppDelegate.swift; sourceTree = "<group>"; };
		C9AA40182AACD15200884175 /* SceneDelegate.swift */ = {isa = PBXFileReference; lastKnownFileType = sourcecode.swift; path = SceneDelegate.swift; sourceTree = "<group>"; };
		C9AA401A2AACD15200884175 /* ViewController.swift */ = {isa = PBXFileReference; lastKnownFileType = sourcecode.swift; path = ViewController.swift; sourceTree = "<group>"; };
		C9AA401D2AACD15200884175 /* Base */ = {isa = PBXFileReference; lastKnownFileType = file.storyboard; name = Base; path = Base.lproj/Main.storyboard; sourceTree = "<group>"; };
		C9AA401F2AACD15300884175 /* Assets.xcassets */ = {isa = PBXFileReference; lastKnownFileType = folder.assetcatalog; path = Assets.xcassets; sourceTree = "<group>"; };
		C9AA40222AACD15300884175 /* Base */ = {isa = PBXFileReference; lastKnownFileType = file.storyboard; name = Base; path = Base.lproj/LaunchScreen.storyboard; sourceTree = "<group>"; };
		C9AA40242AACD15300884175 /* Info.plist */ = {isa = PBXFileReference; lastKnownFileType = text.plist.xml; path = Info.plist; sourceTree = "<group>"; };
		C9AA40292AACD15300884175 /* car optionsTests.xctest */ = {isa = PBXFileReference; explicitFileType = wrapper.cfbundle; includeInIndex = 0; path = "car optionsTests.xctest"; sourceTree = BUILT_PRODUCTS_DIR; };
		C9AA402D2AACD15300884175 /* car_optionsTests.swift */ = {isa = PBXFileReference; lastKnownFileType = sourcecode.swift; path = car_optionsTests.swift; sourceTree = "<group>"; };
		C9AA40332AACD15300884175 /* car optionsUITests.xctest */ = {isa = PBXFileReference; explicitFileType = wrapper.cfbundle; includeInIndex = 0; path = "car optionsUITests.xctest"; sourceTree = BUILT_PRODUCTS_DIR; };
		C9AA40372AACD15300884175 /* car_optionsUITests.swift */ = {isa = PBXFileReference; lastKnownFileType = sourcecode.swift; path = car_optionsUITests.swift; sourceTree = "<group>"; };
		C9AA40392AACD15300884175 /* car_optionsUITestsLaunchTests.swift */ = {isa = PBXFileReference; lastKnownFileType = sourcecode.swift; path = car_optionsUITestsLaunchTests.swift; sourceTree = "<group>"; };
/* End PBXFileReference section */

/* Begin PBXFrameworksBuildPhase section */
		C9AA40102AACD15200884175 /* Frameworks */ = {
			isa = PBXFrameworksBuildPhase;
			buildActionMask = 2147483647;
			files = (
			);
			runOnlyForDeploymentPostprocessing = 0;
		};
		C9AA40262AACD15300884175 /* Frameworks */ = {
			isa = PBXFrameworksBuildPhase;
			buildActionMask = 2147483647;
			files = (
			);
			runOnlyForDeploymentPostprocessing = 0;
		};
		C9AA40302AACD15300884175 /* Frameworks */ = {
			isa = PBXFrameworksBuildPhase;
			buildActionMask = 2147483647;
			files = (
			);
			runOnlyForDeploymentPostprocessing = 0;
		};
/* End PBXFrameworksBuildPhase section */

/* Begin PBXGroup section */
		C9AA400A2AACD15200884175 = {
			isa = PBXGroup;
			children = (
				C9AA40152AACD15200884175 /* car options */,
				C9AA402C2AACD15300884175 /* car optionsTests */,
				C9AA40362AACD15300884175 /* car optionsUITests */,
				C9AA40142AACD15200884175 /* Products */,
			);
			sourceTree = "<group>";
		};
		C9AA40142AACD15200884175 /* Products */ = {
			isa = PBXGroup;
			children = (
				C9AA40132AACD15200884175 /* car options.app */,
				C9AA40292AACD15300884175 /* car optionsTests.xctest */,
				C9AA40332AACD15300884175 /* car optionsUITests.xctest */,
			);
			name = Products;
			sourceTree = "<group>";
		};
		C9AA40152AACD15200884175 /* car options */ = {
			isa = PBXGroup;
			children = (
				C9AA40162AACD15200884175 /* AppDelegate.swift */,
				C9AA40182AACD15200884175 /* SceneDelegate.swift */,
				C9AA401A2AACD15200884175 /* ViewController.swift */,
				C9AA401C2AACD15200884175 /* Main.storyboard */,
				C9AA401F2AACD15300884175 /* Assets.xcassets */,
				C9AA40212AACD15300884175 /* LaunchScreen.storyboard */,
				C9AA40242AACD15300884175 /* Info.plist */,
			);
			path = "car options";
			sourceTree = "<group>";
		};
		C9AA402C2AACD15300884175 /* car optionsTests */ = {
			isa = PBXGroup;
			children = (
				C9AA402D2AACD15300884175 /* car_optionsTests.swift */,
			);
			path = "car optionsTests";
			sourceTree = "<group>";
		};
		C9AA40362AACD15300884175 /* car optionsUITests */ = {
			isa = PBXGroup;
			children = (
				C9AA40372AACD15300884175 /* car_optionsUITests.swift */,
				C9AA40392AACD15300884175 /* car_optionsUITestsLaunchTests.swift */,
			);
			path = "car optionsUITests";
			sourceTree = "<group>";
		};
/* End PBXGroup section */

/* Begin PBXNativeTarget section */
		C9AA40122AACD15200884175 /* car options */ = {
			isa = PBXNativeTarget;
			buildConfigurationList = C9AA403D2AACD15300884175 /* Build configuration list for PBXNativeTarget "car options" */;
			buildPhases = (
				C9AA400F2AACD15200884175 /* Sources */,
				C9AA40102AACD15200884175 /* Frameworks */,
				C9AA40112AACD15200884175 /* Resources */,
			);
			buildRules = (
			);
			dependencies = (
			);
			name = "car options";
			productName = "car options";
			productReference = C9AA40132AACD15200884175 /* car options.app */;
			productType = "com.apple.product-type.application";
		};
		C9AA40282AACD15300884175 /* car optionsTests */ = {
			isa = PBXNativeTarget;
			buildConfigurationList = C9AA40402AACD15300884175 /* Build configuration list for PBXNativeTarget "car optionsTests" */;
			buildPhases = (
				C9AA40252AACD15300884175 /* Sources */,
				C9AA40262AACD15300884175 /* Frameworks */,
				C9AA40272AACD15300884175 /* Resources */,
			);
			buildRules = (
			);
			dependencies = (
				C9AA402B2AACD15300884175 /* PBXTargetDependency */,
			);
			name = "car optionsTests";
			productName = "car optionsTests";
			productReference = C9AA40292AACD15300884175 /* car optionsTests.xctest */;
			productType = "com.apple.product-type.bundle.unit-test";
		};
		C9AA40322AACD15300884175 /* car optionsUITests */ = {
			isa = PBXNativeTarget;
			buildConfigurationList = C9AA40432AACD15300884175 /* Build configuration list for PBXNativeTarget "car optionsUITests" */;
			buildPhases = (
				C9AA402F2AACD15300884175 /* Sources */,
				C9AA40302AACD15300884175 /* Frameworks */,
				C9AA40312AACD15300884175 /* Resources */,
			);
			buildRules = (
			);
			dependencies = (
				C9AA40352AACD15300884175 /* PBXTargetDependency */,
			);
			name = "car optionsUITests";
			productName = "car optionsUITests";
			productReference = C9AA40332AACD15300884175 /* car optionsUITests.xctest */;
			productType = "com.apple.product-type.bundle.ui-testing";
		};
/* End PBXNativeTarget section */

/* Begin PBXProject section */
		C9AA400B2AACD15200884175 /* Project object */ = {
			isa = PBXProject;
			attributes = {
				BuildIndependentTargetsInParallel = 1;
				LastSwiftUpdateCheck = 1430;
				LastUpgradeCheck = 1430;
				TargetAttributes = {
					C9AA40122AACD15200884175 = {
						CreatedOnToolsVersion = 14.3.1;
					};
					C9AA40282AACD15300884175 = {
						CreatedOnToolsVersion = 14.3.1;
						TestTargetID = C9AA40122AACD15200884175;
					};
					C9AA40322AACD15300884175 = {
						CreatedOnToolsVersion = 14.3.1;
						TestTargetID = C9AA40122AACD15200884175;
					};
				};
			};
			buildConfigurationList = C9AA400E2AACD15200884175 /* Build configuration list for PBXProject "car options" */;
			compatibilityVersion = "Xcode 14.0";
			developmentRegion = en;
			hasScannedForEncodings = 0;
			knownRegions = (
				en,
				Base,
			);
			mainGroup = C9AA400A2AACD15200884175;
			productRefGroup = C9AA40142AACD15200884175 /* Products */;
			projectDirPath = "";
			projectRoot = "";
			targets = (
				C9AA40122AACD15200884175 /* car options */,
				C9AA40282AACD15300884175 /* car optionsTests */,
				C9AA40322AACD15300884175 /* car optionsUITests */,
			);
		};
/* End PBXProject section */

/* Begin PBXResourcesBuildPhase section */
		C9AA40112AACD15200884175 /* Resources */ = {
			isa = PBXResourcesBuildPhase;
			buildActionMask = 2147483647;
			files = (
				C9AA40232AACD15300884175 /* LaunchScreen.storyboard in Resources */,
				C9AA40202AACD15300884175 /* Assets.xcassets in Resources */,
				C9AA401E2AACD15200884175 /* Main.storyboard in Resources */,
			);
			runOnlyForDeploymentPostprocessing = 0;
		};
		C9AA40272AACD15300884175 /* Resources */ = {
			isa = PBXResourcesBuildPhase;
			buildActionMask = 2147483647;
			files = (
			);
			runOnlyForDeploymentPostprocessing = 0;
		};
		C9AA40312AACD15300884175 /* Resources */ = {
			isa = PBXResourcesBuildPhase;
			buildActionMask = 2147483647;
			files = (
			);
			runOnlyForDeploymentPostprocessing = 0;
		};
/* End PBXResourcesBuildPhase section */

/* Begin PBXSourcesBuildPhase section */
		C9AA400F2AACD15200884175 /* Sources */ = {
			isa = PBXSourcesBuildPhase;
			buildActionMask = 2147483647;
			files = (
				C9AA401B2AACD15200884175 /* ViewController.swift in Sources */,
				C9AA40172AACD15200884175 /* AppDelegate.swift in Sources */,
				C9AA40192AACD15200884175 /* SceneDelegate.swift in Sources */,
			);
			runOnlyForDeploymentPostprocessing = 0;
		};
		C9AA40252AACD15300884175 /* Sources */ = {
			isa = PBXSourcesBuildPhase;
			buildActionMask = 2147483647;
			files = (
				C9AA402E2AACD15300884175 /* car_optionsTests.swift in Sources */,
			);
			runOnlyForDeploymentPostprocessing = 0;
		};
		C9AA402F2AACD15300884175 /* Sources */ = {
			isa = PBXSourcesBuildPhase;
			buildActionMask = 2147483647;
			files = (
				C9AA403A2AACD15300884175 /* car_optionsUITestsLaunchTests.swift in Sources */,
				C9AA40382AACD15300884175 /* car_optionsUITests.swift in Sources */,
			);
			runOnlyForDeploymentPostprocessing = 0;
		};
/* End PBXSourcesBuildPhase section */

/* Begin PBXTargetDependency section */
		C9AA402B2AACD15300884175 /* PBXTargetDependency */ = {
			isa = PBXTargetDependency;
			target = C9AA40122AACD15200884175 /* car options */;
			targetProxy = C9AA402A2AACD15300884175 /* PBXContainerItemProxy */;
		};
		C9AA40352AACD15300884175 /* PBXTargetDependency */ = {
			isa = PBXTargetDependency;
			target = C9AA40122AACD15200884175 /* car options */;
			targetProxy = C9AA40342AACD15300884175 /* PBXContainerItemProxy */;
		};
/* End PBXTargetDependency section */

/* Begin PBXVariantGroup section */
		C9AA401C2AACD15200884175 /* Main.storyboard */ = {
			isa = PBXVariantGroup;
			children = (
				C9AA401D2AACD15200884175 /* Base */,
			);
			name = Main.storyboard;
			sourceTree = "<group>";
		};
		C9AA40212AACD15300884175 /* LaunchScreen.storyboard */ = {
			isa = PBXVariantGroup;
			children = (
				C9AA40222AACD15300884175 /* Base */,
			);
			name = LaunchScreen.storyboard;
			sourceTree = "<group>";
		};
/* End PBXVariantGroup section */

/* Begin XCBuildConfiguration section */
		C9AA403B2AACD15300884175 /* Debug */ = {
			isa = XCBuildConfiguration;
			buildSettings = {
				ALWAYS_SEARCH_USER_PATHS = NO;
				CLANG_ANALYZER_NONNULL = YES;
				CLANG_ANALYZER_NUMBER_OBJECT_CONVERSION = YES_AGGRESSIVE;
				CLANG_CXX_LANGUAGE_STANDARD = "gnu++20";
				CLANG_ENABLE_MODULES = YES;
				CLANG_ENABLE_OBJC_ARC = YES;
				CLANG_ENABLE_OBJC_WEAK = YES;
				CLANG_WARN_BLOCK_CAPTURE_AUTORELEASING = YES;
				CLANG_WARN_BOOL_CONVERSION = YES;
				CLANG_WARN_COMMA = YES;
				CLANG_WARN_CONSTANT_CONVERSION = YES;
				CLANG_WARN_DEPRECATED_OBJC_IMPLEMENTATIONS = YES;
				CLANG_WARN_DIRECT_OBJC_ISA_USAGE = YES_ERROR;
				CLANG_WARN_DOCUMENTATION_COMMENTS = YES;
				CLANG_WARN_EMPTY_BODY = YES;
				CLANG_WARN_ENUM_CONVERSION = YES;
				CLANG_WARN_INFINITE_RECURSION = YES;
				CLANG_WARN_INT_CONVERSION = YES;
				CLANG_WARN_NON_LITERAL_NULL_CONVERSION = YES;
				CLANG_WARN_OBJC_IMPLICIT_RETAIN_SELF = YES;
				CLANG_WARN_OBJC_LITERAL_CONVERSION = YES;
				CLANG_WARN_OBJC_ROOT_CLASS = YES_ERROR;
				CLANG_WARN_QUOTED_INCLUDE_IN_FRAMEWORK_HEADER = YES;
				CLANG_WARN_RANGE_LOOP_ANALYSIS = YES;
				CLANG_WARN_STRICT_PROTOTYPES = YES;
				CLANG_WARN_SUSPICIOUS_MOVE = YES;
				CLANG_WARN_UNGUARDED_AVAILABILITY = YES_AGGRESSIVE;
				CLANG_WARN_UNREACHABLE_CODE = YES;
				CLANG_WARN__DUPLICATE_METHOD_MATCH = YES;
				COPY_PHASE_STRIP = NO;
				DEBUG_INFORMATION_FORMAT = dwarf;
				ENABLE_STRICT_OBJC_MSGSEND = YES;
				ENABLE_TESTABILITY = YES;
				GCC_C_LANGUAGE_STANDARD = gnu11;
				GCC_DYNAMIC_NO_PIC = NO;
				GCC_NO_COMMON_BLOCKS = YES;
				GCC_OPTIMIZATION_LEVEL = 0;
				GCC_PREPROCESSOR_DEFINITIONS = (
					"DEBUG=1",
					"$(inherited)",
				);
				GCC_WARN_64_TO_32_BIT_CONVERSION = YES;
				GCC_WARN_ABOUT_RETURN_TYPE = YES_ERROR;
				GCC_WARN_UNDECLARED_SELECTOR = YES;
				GCC_WARN_UNINITIALIZED_AUTOS = YES_AGGRESSIVE;
				GCC_WARN_UNUSED_FUNCTION = YES;
				GCC_WARN_UNUSED_VARIABLE = YES;
				IPHONEOS_DEPLOYMENT_TARGET = 16.4;
				MTL_ENABLE_DEBUG_INFO = INCLUDE_SOURCE;
				MTL_FAST_MATH = YES;
				ONLY_ACTIVE_ARCH = YES;
				SDKROOT = iphoneos;
				SWIFT_ACTIVE_COMPILATION_CONDITIONS = DEBUG;
				SWIFT_OPTIMIZATION_LEVEL = "-Onone";
			};
			name = Debug;
		};
		C9AA403C2AACD15300884175 /* Release */ = {
			isa = XCBuildConfiguration;
			buildSettings = {
				ALWAYS_SEARCH_USER_PATHS = NO;
				CLANG_ANALYZER_NONNULL = YES;
				CLANG_ANALYZER_NUMBER_OBJECT_CONVERSION = YES_AGGRESSIVE;
				CLANG_CXX_LANGUAGE_STANDARD = "gnu++20";
				CLANG_ENABLE_MODULES = YES;
				CLANG_ENABLE_OBJC_ARC = YES;
				CLANG_ENABLE_OBJC_WEAK = YES;
				CLANG_WARN_BLOCK_CAPTURE_AUTORELEASING = YES;
				CLANG_WARN_BOOL_CONVERSION = YES;
				CLANG_WARN_COMMA = YES;
				CLANG_WARN_CONSTANT_CONVERSION = YES;
				CLANG_WARN_DEPRECATED_OBJC_IMPLEMENTATIONS = YES;
				CLANG_WARN_DIRECT_OBJC_ISA_USAGE = YES_ERROR;
				CLANG_WARN_DOCUMENTATION_COMMENTS = YES;
				CLANG_WARN_EMPTY_BODY = YES;
				CLANG_WARN_ENUM_CONVERSION = YES;
				CLANG_WARN_INFINITE_RECURSION = YES;
				CLANG_WARN_INT_CONVERSION = YES;
				CLANG_WARN_NON_LITERAL_NULL_CONVERSION = YES;
				CLANG_WARN_OBJC_IMPLICIT_RETAIN_SELF = YES;
				CLANG_WARN_OBJC_LITERAL_CONVERSION = YES;
				CLANG_WARN_OBJC_ROOT_CLASS = YES_ERROR;
				CLANG_WARN_QUOTED_INCLUDE_IN_FRAMEWORK_HEADER = YES;
				CLANG_WARN_RANGE_LOOP_ANALYSIS = YES;
				CLANG_WARN_STRICT_PROTOTYPES = YES;
				CLANG_WARN_SUSPICIOUS_MOVE = YES;
				CLANG_WARN_UNGUARDED_AVAILABILITY = YES_AGGRESSIVE;
				CLANG_WARN_UNREACHABLE_CODE = YES;
				CLANG_WARN__DUPLICATE_METHOD_MATCH = YES;
				COPY_PHASE_STRIP = NO;
				DEBUG_INFORMATION_FORMAT = "dwarf-with-dsym";
				ENABLE_NS_ASSERTIONS = NO;
				ENABLE_STRICT_OBJC_MSGSEND = YES;
				GCC_C_LANGUAGE_STANDARD = gnu11;
				GCC_NO_COMMON_BLOCKS = YES;
				GCC_WARN_64_TO_32_BIT_CONVERSION = YES;
				GCC_WARN_ABOUT_RETURN_TYPE = YES_ERROR;
				GCC_WARN_UNDECLARED_SELECTOR = YES;
				GCC_WARN_UNINITIALIZED_AUTOS = YES_AGGRESSIVE;
				GCC_WARN_UNUSED_FUNCTION = YES;
				GCC_WARN_UNUSED_VARIABLE = YES;
				IPHONEOS_DEPLOYMENT_TARGET = 16.4;
				MTL_ENABLE_DEBUG_INFO = NO;
				MTL_FAST_MATH = YES;
				SDKROOT = iphoneos;
				SWIFT_COMPILATION_MODE = wholemodule;
				SWIFT_OPTIMIZATION_LEVEL = "-O";
				VALIDATE_PRODUCT = YES;
			};
			name = Release;
		};
		C9AA403E2AACD15300884175 /* Debug */ = {
			isa = XCBuildConfiguration;
			buildSettings = {
				ASSETCATALOG_COMPILER_APPICON_NAME = AppIcon;
				ASSETCATALOG_COMPILER_GLOBAL_ACCENT_COLOR_NAME = AccentColor;
				CODE_SIGN_STYLE = Automatic;
				CURRENT_PROJECT_VERSION = 1;
				GENERATE_INFOPLIST_FILE = YES;
				INFOPLIST_FILE = "car options/Info.plist";
				INFOPLIST_KEY_UIApplicationSupportsIndirectInputEvents = YES;
				INFOPLIST_KEY_UILaunchStoryboardName = LaunchScreen;
				INFOPLIST_KEY_UIMainStoryboardFile = Main;
				INFOPLIST_KEY_UISupportedInterfaceOrientations_iPad = "UIInterfaceOrientationPortrait UIInterfaceOrientationPortraitUpsideDown UIInterfaceOrientationLandscapeLeft UIInterfaceOrientationLandscapeRight";
				INFOPLIST_KEY_UISupportedInterfaceOrientations_iPhone = "UIInterfaceOrientationPortrait UIInterfaceOrientationLandscapeLeft UIInterfaceOrientationLandscapeRight";
				LD_RUNPATH_SEARCH_PATHS = (
					"$(inherited)",
					"@executable_path/Frameworks",
				);
				MARKETING_VERSION = 1.0;
				PRODUCT_BUNDLE_IDENTIFIER = "mattkeyzer.car-options";
				PRODUCT_NAME = "$(TARGET_NAME)";
				SWIFT_EMIT_LOC_STRINGS = YES;
				SWIFT_VERSION = 5.0;
				TARGETED_DEVICE_FAMILY = "1,2";
			};
			name = Debug;
		};
		C9AA403F2AACD15300884175 /* Release */ = {
			isa = XCBuildConfiguration;
			buildSettings = {
				ASSETCATALOG_COMPILER_APPICON_NAME = AppIcon;
				ASSETCATALOG_COMPILER_GLOBAL_ACCENT_COLOR_NAME = AccentColor;
				CODE_SIGN_STYLE = Automatic;
				CURRENT_PROJECT_VERSION = 1;
				GENERATE_INFOPLIST_FILE = YES;
				INFOPLIST_FILE = "car options/Info.plist";
				INFOPLIST_KEY_UIApplicationSupportsIndirectInputEvents = YES;
				INFOPLIST_KEY_UILaunchStoryboardName = LaunchScreen;
				INFOPLIST_KEY_UIMainStoryboardFile = Main;
				INFOPLIST_KEY_UISupportedInterfaceOrientations_iPad = "UIInterfaceOrientationPortrait UIInterfaceOrientationPortraitUpsideDown UIInterfaceOrientationLandscapeLeft UIInterfaceOrientationLandscapeRight";
				INFOPLIST_KEY_UISupportedInterfaceOrientations_iPhone = "UIInterfaceOrientationPortrait UIInterfaceOrientationLandscapeLeft UIInterfaceOrientationLandscapeRight";
				LD_RUNPATH_SEARCH_PATHS = (
					"$(inherited)",
					"@executable_path/Frameworks",
				);
				MARKETING_VERSION = 1.0;
				PRODUCT_BUNDLE_IDENTIFIER = "mattkeyzer.car-options";
				PRODUCT_NAME = "$(TARGET_NAME)";
				SWIFT_EMIT_LOC_STRINGS = YES;
				SWIFT_VERSION = 5.0;
				TARGETED_DEVICE_FAMILY = "1,2";
			};
			name = Release;
		};
		C9AA40412AACD15300884175 /* Debug */ = {
			isa = XCBuildConfiguration;
			buildSettings = {
				ALWAYS_EMBED_SWIFT_STANDARD_LIBRARIES = YES;
				BUNDLE_LOADER = "$(TEST_HOST)";
				CODE_SIGN_STYLE = Automatic;
				CURRENT_PROJECT_VERSION = 1;
				GENERATE_INFOPLIST_FILE = YES;
				IPHONEOS_DEPLOYMENT_TARGET = 16.4;
				MARKETING_VERSION = 1.0;
				PRODUCT_BUNDLE_IDENTIFIER = "mattkeyzer.car-optionsTests";
				PRODUCT_NAME = "$(TARGET_NAME)";
				SWIFT_EMIT_LOC_STRINGS = NO;
				SWIFT_VERSION = 5.0;
				TARGETED_DEVICE_FAMILY = "1,2";
				TEST_HOST = "$(BUILT_PRODUCTS_DIR)/car options.app/$(BUNDLE_EXECUTABLE_FOLDER_PATH)/car options";
			};
			name = Debug;
		};
		C9AA40422AACD15300884175 /* Release */ = {
			isa = XCBuildConfiguration;
			buildSettings = {
				ALWAYS_EMBED_SWIFT_STANDARD_LIBRARIES = YES;
				BUNDLE_LOADER = "$(TEST_HOST)";
				CODE_SIGN_STYLE = Automatic;
				CURRENT_PROJECT_VERSION = 1;
				GENERATE_INFOPLIST_FILE = YES;
				IPHONEOS_DEPLOYMENT_TARGET = 16.4;
				MARKETING_VERSION = 1.0;
				PRODUCT_BUNDLE_IDENTIFIER = "mattkeyzer.car-optionsTests";
				PRODUCT_NAME = "$(TARGET_NAME)";
				SWIFT_EMIT_LOC_STRINGS = NO;
				SWIFT_VERSION = 5.0;
				TARGETED_DEVICE_FAMILY = "1,2";
				TEST_HOST = "$(BUILT_PRODUCTS_DIR)/car options.app/$(BUNDLE_EXECUTABLE_FOLDER_PATH)/car options";
			};
			name = Release;
		};
		C9AA40442AACD15300884175 /* Debug */ = {
			isa = XCBuildConfiguration;
			buildSettings = {
				ALWAYS_EMBED_SWIFT_STANDARD_LIBRARIES = YES;
				CODE_SIGN_STYLE = Automatic;
				CURRENT_PROJECT_VERSION = 1;
				GENERATE_INFOPLIST_FILE = YES;
				MARKETING_VERSION = 1.0;
				PRODUCT_BUNDLE_IDENTIFIER = "mattkeyzer.car-optionsUITests";
				PRODUCT_NAME = "$(TARGET_NAME)";
				SWIFT_EMIT_LOC_STRINGS = NO;
				SWIFT_VERSION = 5.0;
				TARGETED_DEVICE_FAMILY = "1,2";
				TEST_TARGET_NAME = "car options";
			};
			name = Debug;
		};
		C9AA40452AACD15300884175 /* Release */ = {
			isa = XCBuildConfiguration;
			buildSettings = {
				ALWAYS_EMBED_SWIFT_STANDARD_LIBRARIES = YES;
				CODE_SIGN_STYLE = Automatic;
				CURRENT_PROJECT_VERSION = 1;
				GENERATE_INFOPLIST_FILE = YES;
				MARKETING_VERSION = 1.0;
				PRODUCT_BUNDLE_IDENTIFIER = "mattkeyzer.car-optionsUITests";
				PRODUCT_NAME = "$(TARGET_NAME)";
				SWIFT_EMIT_LOC_STRINGS = NO;
				SWIFT_VERSION = 5.0;
				TARGETED_DEVICE_FAMILY = "1,2";
				TEST_TARGET_NAME = "car options";
			};
			name = Release;
		};
/* End XCBuildConfiguration section */

/* Begin XCConfigurationList section */
		C9AA400E2AACD15200884175 /* Build configuration list for PBXProject "car options" */ = {
			isa = XCConfigurationList;
			buildConfigurations = (
				C9AA403B2AACD15300884175 /* Debug */,
				C9AA403C2AACD15300884175 /* Release */,
			);
			defaultConfigurationIsVisible = 0;
			defaultConfigurationName = Release;
		};
		C9AA403D2AACD15300884175 /* Build configuration list for PBXNativeTarget "car options" */ = {
			isa = XCConfigurationList;
			buildConfigurations = (
				C9AA403E2AACD15300884175 /* Debug */,
				C9AA403F2AACD15300884175 /* Release */,
			);
			defaultConfigurationIsVisible = 0;
			defaultConfigurationName = Release;
		};
		C9AA40402AACD15300884175 /* Build configuration list for PBXNativeTarget "car optionsTests" */ = {
			isa = XCConfigurationList;
			buildConfigurations = (
				C9AA40412AACD15300884175 /* Debug */,
				C9AA40422AACD15300884175 /* Release */,
			);
			defaultConfigurationIsVisible = 0;
			defaultConfigurationName = Release;
		};
		C9AA40432AACD15300884175 /* Build configuration list for PBXNativeTarget "car optionsUITests" */ = {
			isa = XCConfigurationList;
			buildConfigurations = (
				C9AA40442AACD15300884175 /* Debug */,
				C9AA40452AACD15300884175 /* Release */,
			);
			defaultConfigurationIsVisible = 0;
			defaultConfigurationName = Release;
		};
/* End XCConfigurationList section */
	};
	rootObject = C9AA400B2AACD15200884175 /* Project object */;
}
