// !$*UTF8*$!
{
	archiveVersion = 1;
	classes = {
	};
	objectVersion = 56;
	objects = {

/* Begin PBXBuildFile section */
		C907B08F2A93EF7A005FA537 /* I_Lost_My_PhoneApp.swift in Sources */ = {isa = PBXBuildFile; fileRef = C907B08E2A93EF7A005FA537 /* I_Lost_My_PhoneApp.swift */; };
		C907B0912A93EF7A005FA537 /* ContentView.swift in Sources */ = {isa = PBXBuildFile; fileRef = C907B0902A93EF7A005FA537 /* ContentView.swift */; };
		C907B0932A93EF7B005FA537 /* Assets.xcassets in Resources */ = {isa = PBXBuildFile; fileRef = C907B0922A93EF7B005FA537 /* Assets.xcassets */; };
		C907B0962A93EF7B005FA537 /* Preview Assets.xcassets in Resources */ = {isa = PBXBuildFile; fileRef = C907B0952A93EF7B005FA537 /* Preview Assets.xcassets */; };
		C907B0A02A93EF7B005FA537 /* I_Lost_My_PhoneTests.swift in Sources */ = {isa = PBXBuildFile; fileRef = C907B09F2A93EF7B005FA537 /* I_Lost_My_PhoneTests.swift */; };
		C907B0AA2A93EF7B005FA537 /* I_Lost_My_PhoneUITests.swift in Sources */ = {isa = PBXBuildFile; fileRef = C907B0A92A93EF7B005FA537 /* I_Lost_My_PhoneUITests.swift */; };
		C907B0AC2A93EF7B005FA537 /* I_Lost_My_PhoneUITestsLaunchTests.swift in Sources */ = {isa = PBXBuildFile; fileRef = C907B0AB2A93EF7B005FA537 /* I_Lost_My_PhoneUITestsLaunchTests.swift */; };
/* End PBXBuildFile section */

/* Begin PBXContainerItemProxy section */
		C907B09C2A93EF7B005FA537 /* PBXContainerItemProxy */ = {
			isa = PBXContainerItemProxy;
			containerPortal = C907B0832A93EF7A005FA537 /* Project object */;
			proxyType = 1;
			remoteGlobalIDString = C907B08A2A93EF7A005FA537;
			remoteInfo = "I Lost My Phone";
		};
		C907B0A62A93EF7B005FA537 /* PBXContainerItemProxy */ = {
			isa = PBXContainerItemProxy;
			containerPortal = C907B0832A93EF7A005FA537 /* Project object */;
			proxyType = 1;
			remoteGlobalIDString = C907B08A2A93EF7A005FA537;
			remoteInfo = "I Lost My Phone";
		};
/* End PBXContainerItemProxy section */

/* Begin PBXFileReference section */
		C907B08B2A93EF7A005FA537 /* I Lost My Phone.app */ = {isa = PBXFileReference; explicitFileType = wrapper.application; includeInIndex = 0; path = "I Lost My Phone.app"; sourceTree = BUILT_PRODUCTS_DIR; };
		C907B08E2A93EF7A005FA537 /* I_Lost_My_PhoneApp.swift */ = {isa = PBXFileReference; lastKnownFileType = sourcecode.swift; path = I_Lost_My_PhoneApp.swift; sourceTree = "<group>"; };
		C907B0902A93EF7A005FA537 /* ContentView.swift */ = {isa = PBXFileReference; lastKnownFileType = sourcecode.swift; path = ContentView.swift; sourceTree = "<group>"; };
		C907B0922A93EF7B005FA537 /* Assets.xcassets */ = {isa = PBXFileReference; lastKnownFileType = folder.assetcatalog; path = Assets.xcassets; sourceTree = "<group>"; };
		C907B0952A93EF7B005FA537 /* Preview Assets.xcassets */ = {isa = PBXFileReference; lastKnownFileType = folder.assetcatalog; path = "Preview Assets.xcassets"; sourceTree = "<group>"; };
		C907B09B2A93EF7B005FA537 /* I Lost My PhoneTests.xctest */ = {isa = PBXFileReference; explicitFileType = wrapper.cfbundle; includeInIndex = 0; path = "I Lost My PhoneTests.xctest"; sourceTree = BUILT_PRODUCTS_DIR; };
		C907B09F2A93EF7B005FA537 /* I_Lost_My_PhoneTests.swift */ = {isa = PBXFileReference; lastKnownFileType = sourcecode.swift; path = I_Lost_My_PhoneTests.swift; sourceTree = "<group>"; };
		C907B0A52A93EF7B005FA537 /* I Lost My PhoneUITests.xctest */ = {isa = PBXFileReference; explicitFileType = wrapper.cfbundle; includeInIndex = 0; path = "I Lost My PhoneUITests.xctest"; sourceTree = BUILT_PRODUCTS_DIR; };
		C907B0A92A93EF7B005FA537 /* I_Lost_My_PhoneUITests.swift */ = {isa = PBXFileReference; lastKnownFileType = sourcecode.swift; path = I_Lost_My_PhoneUITests.swift; sourceTree = "<group>"; };
		C907B0AB2A93EF7B005FA537 /* I_Lost_My_PhoneUITestsLaunchTests.swift */ = {isa = PBXFileReference; lastKnownFileType = sourcecode.swift; path = I_Lost_My_PhoneUITestsLaunchTests.swift; sourceTree = "<group>"; };
/* End PBXFileReference section */

/* Begin PBXFrameworksBuildPhase section */
		C907B0882A93EF7A005FA537 /* Frameworks */ = {
			isa = PBXFrameworksBuildPhase;
			buildActionMask = 2147483647;
			files = (
			);
			runOnlyForDeploymentPostprocessing = 0;
		};
		C907B0982A93EF7B005FA537 /* Frameworks */ = {
			isa = PBXFrameworksBuildPhase;
			buildActionMask = 2147483647;
			files = (
			);
			runOnlyForDeploymentPostprocessing = 0;
		};
		C907B0A22A93EF7B005FA537 /* Frameworks */ = {
			isa = PBXFrameworksBuildPhase;
			buildActionMask = 2147483647;
			files = (
			);
			runOnlyForDeploymentPostprocessing = 0;
		};
/* End PBXFrameworksBuildPhase section */

/* Begin PBXGroup section */
		C907B0822A93EF7A005FA537 = {
			isa = PBXGroup;
			children = (
				C907B08D2A93EF7A005FA537 /* I Lost My Phone */,
				C907B09E2A93EF7B005FA537 /* I Lost My PhoneTests */,
				C907B0A82A93EF7B005FA537 /* I Lost My PhoneUITests */,
				C907B08C2A93EF7A005FA537 /* Products */,
			);
			sourceTree = "<group>";
		};
		C907B08C2A93EF7A005FA537 /* Products */ = {
			isa = PBXGroup;
			children = (
				C907B08B2A93EF7A005FA537 /* I Lost My Phone.app */,
				C907B09B2A93EF7B005FA537 /* I Lost My PhoneTests.xctest */,
				C907B0A52A93EF7B005FA537 /* I Lost My PhoneUITests.xctest */,
			);
			name = Products;
			sourceTree = "<group>";
		};
		C907B08D2A93EF7A005FA537 /* I Lost My Phone */ = {
			isa = PBXGroup;
			children = (
				C907B08E2A93EF7A005FA537 /* I_Lost_My_PhoneApp.swift */,
				C907B0902A93EF7A005FA537 /* ContentView.swift */,
				C907B0922A93EF7B005FA537 /* Assets.xcassets */,
				C907B0942A93EF7B005FA537 /* Preview Content */,
			);
			path = "I Lost My Phone";
			sourceTree = "<group>";
		};
		C907B0942A93EF7B005FA537 /* Preview Content */ = {
			isa = PBXGroup;
			children = (
				C907B0952A93EF7B005FA537 /* Preview Assets.xcassets */,
			);
			path = "Preview Content";
			sourceTree = "<group>";
		};
		C907B09E2A93EF7B005FA537 /* I Lost My PhoneTests */ = {
			isa = PBXGroup;
			children = (
				C907B09F2A93EF7B005FA537 /* I_Lost_My_PhoneTests.swift */,
			);
			path = "I Lost My PhoneTests";
			sourceTree = "<group>";
		};
		C907B0A82A93EF7B005FA537 /* I Lost My PhoneUITests */ = {
			isa = PBXGroup;
			children = (
				C907B0A92A93EF7B005FA537 /* I_Lost_My_PhoneUITests.swift */,
				C907B0AB2A93EF7B005FA537 /* I_Lost_My_PhoneUITestsLaunchTests.swift */,
			);
			path = "I Lost My PhoneUITests";
			sourceTree = "<group>";
		};
/* End PBXGroup section */

/* Begin PBXNativeTarget section */
		C907B08A2A93EF7A005FA537 /* I Lost My Phone */ = {
			isa = PBXNativeTarget;
			buildConfigurationList = C907B0AF2A93EF7B005FA537 /* Build configuration list for PBXNativeTarget "I Lost My Phone" */;
			buildPhases = (
				C907B0872A93EF7A005FA537 /* Sources */,
				C907B0882A93EF7A005FA537 /* Frameworks */,
				C907B0892A93EF7A005FA537 /* Resources */,
			);
			buildRules = (
			);
			dependencies = (
			);
			name = "I Lost My Phone";
			productName = "I Lost My Phone";
			productReference = C907B08B2A93EF7A005FA537 /* I Lost My Phone.app */;
			productType = "com.apple.product-type.application";
		};
		C907B09A2A93EF7B005FA537 /* I Lost My PhoneTests */ = {
			isa = PBXNativeTarget;
			buildConfigurationList = C907B0B22A93EF7B005FA537 /* Build configuration list for PBXNativeTarget "I Lost My PhoneTests" */;
			buildPhases = (
				C907B0972A93EF7B005FA537 /* Sources */,
				C907B0982A93EF7B005FA537 /* Frameworks */,
				C907B0992A93EF7B005FA537 /* Resources */,
			);
			buildRules = (
			);
			dependencies = (
				C907B09D2A93EF7B005FA537 /* PBXTargetDependency */,
			);
			name = "I Lost My PhoneTests";
			productName = "I Lost My PhoneTests";
			productReference = C907B09B2A93EF7B005FA537 /* I Lost My PhoneTests.xctest */;
			productType = "com.apple.product-type.bundle.unit-test";
		};
		C907B0A42A93EF7B005FA537 /* I Lost My PhoneUITests */ = {
			isa = PBXNativeTarget;
			buildConfigurationList = C907B0B52A93EF7B005FA537 /* Build configuration list for PBXNativeTarget "I Lost My PhoneUITests" */;
			buildPhases = (
				C907B0A12A93EF7B005FA537 /* Sources */,
				C907B0A22A93EF7B005FA537 /* Frameworks */,
				C907B0A32A93EF7B005FA537 /* Resources */,
			);
			buildRules = (
			);
			dependencies = (
				C907B0A72A93EF7B005FA537 /* PBXTargetDependency */,
			);
			name = "I Lost My PhoneUITests";
			productName = "I Lost My PhoneUITests";
			productReference = C907B0A52A93EF7B005FA537 /* I Lost My PhoneUITests.xctest */;
			productType = "com.apple.product-type.bundle.ui-testing";
		};
/* End PBXNativeTarget section */

/* Begin PBXProject section */
		C907B0832A93EF7A005FA537 /* Project object */ = {
			isa = PBXProject;
			attributes = {
				BuildIndependentTargetsInParallel = 1;
				LastSwiftUpdateCheck = 1430;
				LastUpgradeCheck = 1430;
				TargetAttributes = {
					C907B08A2A93EF7A005FA537 = {
						CreatedOnToolsVersion = 14.3;
					};
					C907B09A2A93EF7B005FA537 = {
						CreatedOnToolsVersion = 14.3;
						TestTargetID = C907B08A2A93EF7A005FA537;
					};
					C907B0A42A93EF7B005FA537 = {
						CreatedOnToolsVersion = 14.3;
						TestTargetID = C907B08A2A93EF7A005FA537;
					};
				};
			};
			buildConfigurationList = C907B0862A93EF7A005FA537 /* Build configuration list for PBXProject "I Lost My Phone" */;
			compatibilityVersion = "Xcode 14.0";
			developmentRegion = en;
			hasScannedForEncodings = 0;
			knownRegions = (
				en,
				Base,
			);
			mainGroup = C907B0822A93EF7A005FA537;
			productRefGroup = C907B08C2A93EF7A005FA537 /* Products */;
			projectDirPath = "";
			projectRoot = "";
			targets = (
				C907B08A2A93EF7A005FA537 /* I Lost My Phone */,
				C907B09A2A93EF7B005FA537 /* I Lost My PhoneTests */,
				C907B0A42A93EF7B005FA537 /* I Lost My PhoneUITests */,
			);
		};
/* End PBXProject section */

/* Begin PBXResourcesBuildPhase section */
		C907B0892A93EF7A005FA537 /* Resources */ = {
			isa = PBXResourcesBuildPhase;
			buildActionMask = 2147483647;
			files = (
				C907B0962A93EF7B005FA537 /* Preview Assets.xcassets in Resources */,
				C907B0932A93EF7B005FA537 /* Assets.xcassets in Resources */,
			);
			runOnlyForDeploymentPostprocessing = 0;
		};
		C907B0992A93EF7B005FA537 /* Resources */ = {
			isa = PBXResourcesBuildPhase;
			buildActionMask = 2147483647;
			files = (
			);
			runOnlyForDeploymentPostprocessing = 0;
		};
		C907B0A32A93EF7B005FA537 /* Resources */ = {
			isa = PBXResourcesBuildPhase;
			buildActionMask = 2147483647;
			files = (
			);
			runOnlyForDeploymentPostprocessing = 0;
		};
/* End PBXResourcesBuildPhase section */

/* Begin PBXSourcesBuildPhase section */
		C907B0872A93EF7A005FA537 /* Sources */ = {
			isa = PBXSourcesBuildPhase;
			buildActionMask = 2147483647;
			files = (
				C907B0912A93EF7A005FA537 /* ContentView.swift in Sources */,
				C907B08F2A93EF7A005FA537 /* I_Lost_My_PhoneApp.swift in Sources */,
			);
			runOnlyForDeploymentPostprocessing = 0;
		};
		C907B0972A93EF7B005FA537 /* Sources */ = {
			isa = PBXSourcesBuildPhase;
			buildActionMask = 2147483647;
			files = (
				C907B0A02A93EF7B005FA537 /* I_Lost_My_PhoneTests.swift in Sources */,
			);
			runOnlyForDeploymentPostprocessing = 0;
		};
		C907B0A12A93EF7B005FA537 /* Sources */ = {
			isa = PBXSourcesBuildPhase;
			buildActionMask = 2147483647;
			files = (
				C907B0AA2A93EF7B005FA537 /* I_Lost_My_PhoneUITests.swift in Sources */,
				C907B0AC2A93EF7B005FA537 /* I_Lost_My_PhoneUITestsLaunchTests.swift in Sources */,
			);
			runOnlyForDeploymentPostprocessing = 0;
		};
/* End PBXSourcesBuildPhase section */

/* Begin PBXTargetDependency section */
		C907B09D2A93EF7B005FA537 /* PBXTargetDependency */ = {
			isa = PBXTargetDependency;
			target = C907B08A2A93EF7A005FA537 /* I Lost My Phone */;
			targetProxy = C907B09C2A93EF7B005FA537 /* PBXContainerItemProxy */;
		};
		C907B0A72A93EF7B005FA537 /* PBXTargetDependency */ = {
			isa = PBXTargetDependency;
			target = C907B08A2A93EF7A005FA537 /* I Lost My Phone */;
			targetProxy = C907B0A62A93EF7B005FA537 /* PBXContainerItemProxy */;
		};
/* End PBXTargetDependency section */

/* Begin XCBuildConfiguration section */
		C907B0AD2A93EF7B005FA537 /* Debug */ = {
			isa = XCBuildConfiguration;
			buildSettings = {
				ALWAYS_SEARCH_USER_PATHS = NO;
				CLANG_ANALYZER_NONNULL = YES;
				CLANG_ANALYZER_NUMBER_OBJECT_CONVERSION = YES_AGGRESSIVE;
				CLANG_CXX_LANGUAGE_STANDARD = "gnu++20";
				CLANG_ENABLE_MODULES = YES;
				CLANG_ENABLE_OBJC_ARC = YES;
				CLANG_ENABLE_OBJC_WEAK = YES;
				CLANG_WARN_BLOCK_CAPTURE_AUTORELEASING = YES;
				CLANG_WARN_BOOL_CONVERSION = YES;
				CLANG_WARN_COMMA = YES;
				CLANG_WARN_CONSTANT_CONVERSION = YES;
				CLANG_WARN_DEPRECATED_OBJC_IMPLEMENTATIONS = YES;
				CLANG_WARN_DIRECT_OBJC_ISA_USAGE = YES_ERROR;
				CLANG_WARN_DOCUMENTATION_COMMENTS = YES;
				CLANG_WARN_EMPTY_BODY = YES;
				CLANG_WARN_ENUM_CONVERSION = YES;
				CLANG_WARN_INFINITE_RECURSION = YES;
				CLANG_WARN_INT_CONVERSION = YES;
				CLANG_WARN_NON_LITERAL_NULL_CONVERSION = YES;
				CLANG_WARN_OBJC_IMPLICIT_RETAIN_SELF = YES;
				CLANG_WARN_OBJC_LITERAL_CONVERSION = YES;
				CLANG_WARN_OBJC_ROOT_CLASS = YES_ERROR;
				CLANG_WARN_QUOTED_INCLUDE_IN_FRAMEWORK_HEADER = YES;
				CLANG_WARN_RANGE_LOOP_ANALYSIS = YES;
				CLANG_WARN_STRICT_PROTOTYPES = YES;
				CLANG_WARN_SUSPICIOUS_MOVE = YES;
				CLANG_WARN_UNGUARDED_AVAILABILITY = YES_AGGRESSIVE;
				CLANG_WARN_UNREACHABLE_CODE = YES;
				CLANG_WARN__DUPLICATE_METHOD_MATCH = YES;
				COPY_PHASE_STRIP = NO;
				DEBUG_INFORMATION_FORMAT = dwarf;
				ENABLE_STRICT_OBJC_MSGSEND = YES;
				ENABLE_TESTABILITY = YES;
				GCC_C_LANGUAGE_STANDARD = gnu11;
				GCC_DYNAMIC_NO_PIC = NO;
				GCC_NO_COMMON_BLOCKS = YES;
				GCC_OPTIMIZATION_LEVEL = 0;
				GCC_PREPROCESSOR_DEFINITIONS = (
					"DEBUG=1",
					"$(inherited)",
				);
				GCC_WARN_64_TO_32_BIT_CONVERSION = YES;
				GCC_WARN_ABOUT_RETURN_TYPE = YES_ERROR;
				GCC_WARN_UNDECLARED_SELECTOR = YES;
				GCC_WARN_UNINITIALIZED_AUTOS = YES_AGGRESSIVE;
				GCC_WARN_UNUSED_FUNCTION = YES;
				GCC_WARN_UNUSED_VARIABLE = YES;
				IPHONEOS_DEPLOYMENT_TARGET = 16.4;
				MTL_ENABLE_DEBUG_INFO = INCLUDE_SOURCE;
				MTL_FAST_MATH = YES;
				ONLY_ACTIVE_ARCH = YES;
				SDKROOT = iphoneos;
				SWIFT_ACTIVE_COMPILATION_CONDITIONS = DEBUG;
				SWIFT_OPTIMIZATION_LEVEL = "-Onone";
			};
			name = Debug;
		};
		C907B0AE2A93EF7B005FA537 /* Release */ = {
			isa = XCBuildConfiguration;
			buildSettings = {
				ALWAYS_SEARCH_USER_PATHS = NO;
				CLANG_ANALYZER_NONNULL = YES;
				CLANG_ANALYZER_NUMBER_OBJECT_CONVERSION = YES_AGGRESSIVE;
				CLANG_CXX_LANGUAGE_STANDARD = "gnu++20";
				CLANG_ENABLE_MODULES = YES;
				CLANG_ENABLE_OBJC_ARC = YES;
				CLANG_ENABLE_OBJC_WEAK = YES;
				CLANG_WARN_BLOCK_CAPTURE_AUTORELEASING = YES;
				CLANG_WARN_BOOL_CONVERSION = YES;
				CLANG_WARN_COMMA = YES;
				CLANG_WARN_CONSTANT_CONVERSION = YES;
				CLANG_WARN_DEPRECATED_OBJC_IMPLEMENTATIONS = YES;
				CLANG_WARN_DIRECT_OBJC_ISA_USAGE = YES_ERROR;
				CLANG_WARN_DOCUMENTATION_COMMENTS = YES;
				CLANG_WARN_EMPTY_BODY = YES;
				CLANG_WARN_ENUM_CONVERSION = YES;
				CLANG_WARN_INFINITE_RECURSION = YES;
				CLANG_WARN_INT_CONVERSION = YES;
				CLANG_WARN_NON_LITERAL_NULL_CONVERSION = YES;
				CLANG_WARN_OBJC_IMPLICIT_RETAIN_SELF = YES;
				CLANG_WARN_OBJC_LITERAL_CONVERSION = YES;
				CLANG_WARN_OBJC_ROOT_CLASS = YES_ERROR;
				CLANG_WARN_QUOTED_INCLUDE_IN_FRAMEWORK_HEADER = YES;
				CLANG_WARN_RANGE_LOOP_ANALYSIS = YES;
				CLANG_WARN_STRICT_PROTOTYPES = YES;
				CLANG_WARN_SUSPICIOUS_MOVE = YES;
				CLANG_WARN_UNGUARDED_AVAILABILITY = YES_AGGRESSIVE;
				CLANG_WARN_UNREACHABLE_CODE = YES;
				CLANG_WARN__DUPLICATE_METHOD_MATCH = YES;
				COPY_PHASE_STRIP = NO;
				DEBUG_INFORMATION_FORMAT = "dwarf-with-dsym";
				ENABLE_NS_ASSERTIONS = NO;
				ENABLE_STRICT_OBJC_MSGSEND = YES;
				GCC_C_LANGUAGE_STANDARD = gnu11;
				GCC_NO_COMMON_BLOCKS = YES;
				GCC_WARN_64_TO_32_BIT_CONVERSION = YES;
				GCC_WARN_ABOUT_RETURN_TYPE = YES_ERROR;
				GCC_WARN_UNDECLARED_SELECTOR = YES;
				GCC_WARN_UNINITIALIZED_AUTOS = YES_AGGRESSIVE;
				GCC_WARN_UNUSED_FUNCTION = YES;
				GCC_WARN_UNUSED_VARIABLE = YES;
				IPHONEOS_DEPLOYMENT_TARGET = 16.4;
				MTL_ENABLE_DEBUG_INFO = NO;
				MTL_FAST_MATH = YES;
				SDKROOT = iphoneos;
				SWIFT_COMPILATION_MODE = wholemodule;
				SWIFT_OPTIMIZATION_LEVEL = "-O";
				VALIDATE_PRODUCT = YES;
			};
			name = Release;
		};
		C907B0B02A93EF7B005FA537 /* Debug */ = {
			isa = XCBuildConfiguration;
			buildSettings = {
				ASSETCATALOG_COMPILER_APPICON_NAME = AppIcon;
				ASSETCATALOG_COMPILER_GLOBAL_ACCENT_COLOR_NAME = AccentColor;
				CODE_SIGN_STYLE = Automatic;
				CURRENT_PROJECT_VERSION = 1;
				DEVELOPMENT_ASSET_PATHS = "\"I Lost My Phone/Preview Content\"";
				ENABLE_PREVIEWS = YES;
				GENERATE_INFOPLIST_FILE = YES;
				INFOPLIST_KEY_UIApplicationSceneManifest_Generation = YES;
				INFOPLIST_KEY_UIApplicationSupportsIndirectInputEvents = YES;
				INFOPLIST_KEY_UILaunchScreen_Generation = YES;
				INFOPLIST_KEY_UISupportedInterfaceOrientations_iPad = "UIInterfaceOrientationPortrait UIInterfaceOrientationPortraitUpsideDown UIInterfaceOrientationLandscapeLeft UIInterfaceOrientationLandscapeRight";
				INFOPLIST_KEY_UISupportedInterfaceOrientations_iPhone = "UIInterfaceOrientationPortrait UIInterfaceOrientationLandscapeLeft UIInterfaceOrientationLandscapeRight";
				LD_RUNPATH_SEARCH_PATHS = (
					"$(inherited)",
					"@executable_path/Frameworks",
				);
				MARKETING_VERSION = 1.0;
				PRODUCT_BUNDLE_IDENTIFIER = "mattkeyzer.I-Lost-My-Phone";
				PRODUCT_NAME = "$(TARGET_NAME)";
				SWIFT_EMIT_LOC_STRINGS = YES;
				SWIFT_VERSION = 5.0;
				TARGETED_DEVICE_FAMILY = "1,2";
			};
			name = Debug;
		};
		C907B0B12A93EF7B005FA537 /* Release */ = {
			isa = XCBuildConfiguration;
			buildSettings = {
				ASSETCATALOG_COMPILER_APPICON_NAME = AppIcon;
				ASSETCATALOG_COMPILER_GLOBAL_ACCENT_COLOR_NAME = AccentColor;
				CODE_SIGN_STYLE = Automatic;
				CURRENT_PROJECT_VERSION = 1;
				DEVELOPMENT_ASSET_PATHS = "\"I Lost My Phone/Preview Content\"";
				ENABLE_PREVIEWS = YES;
				GENERATE_INFOPLIST_FILE = YES;
				INFOPLIST_KEY_UIApplicationSceneManifest_Generation = YES;
				INFOPLIST_KEY_UIApplicationSupportsIndirectInputEvents = YES;
				INFOPLIST_KEY_UILaunchScreen_Generation = YES;
				INFOPLIST_KEY_UISupportedInterfaceOrientations_iPad = "UIInterfaceOrientationPortrait UIInterfaceOrientationPortraitUpsideDown UIInterfaceOrientationLandscapeLeft UIInterfaceOrientationLandscapeRight";
				INFOPLIST_KEY_UISupportedInterfaceOrientations_iPhone = "UIInterfaceOrientationPortrait UIInterfaceOrientationLandscapeLeft UIInterfaceOrientationLandscapeRight";
				LD_RUNPATH_SEARCH_PATHS = (
					"$(inherited)",
					"@executable_path/Frameworks",
				);
				MARKETING_VERSION = 1.0;
				PRODUCT_BUNDLE_IDENTIFIER = "mattkeyzer.I-Lost-My-Phone";
				PRODUCT_NAME = "$(TARGET_NAME)";
				SWIFT_EMIT_LOC_STRINGS = YES;
				SWIFT_VERSION = 5.0;
				TARGETED_DEVICE_FAMILY = "1,2";
			};
			name = Release;
		};
		C907B0B32A93EF7B005FA537 /* Debug */ = {
			isa = XCBuildConfiguration;
			buildSettings = {
				ALWAYS_EMBED_SWIFT_STANDARD_LIBRARIES = YES;
				BUNDLE_LOADER = "$(TEST_HOST)";
				CODE_SIGN_STYLE = Automatic;
				CURRENT_PROJECT_VERSION = 1;
				GENERATE_INFOPLIST_FILE = YES;
				IPHONEOS_DEPLOYMENT_TARGET = 16.4;
				MARKETING_VERSION = 1.0;
				PRODUCT_BUNDLE_IDENTIFIER = "mattkeyzer.I-Lost-My-PhoneTests";
				PRODUCT_NAME = "$(TARGET_NAME)";
				SWIFT_EMIT_LOC_STRINGS = NO;
				SWIFT_VERSION = 5.0;
				TARGETED_DEVICE_FAMILY = "1,2";
				TEST_HOST = "$(BUILT_PRODUCTS_DIR)/I Lost My Phone.app/$(BUNDLE_EXECUTABLE_FOLDER_PATH)/I Lost My Phone";
			};
			name = Debug;
		};
		C907B0B42A93EF7B005FA537 /* Release */ = {
			isa = XCBuildConfiguration;
			buildSettings = {
				ALWAYS_EMBED_SWIFT_STANDARD_LIBRARIES = YES;
				BUNDLE_LOADER = "$(TEST_HOST)";
				CODE_SIGN_STYLE = Automatic;
				CURRENT_PROJECT_VERSION = 1;
				GENERATE_INFOPLIST_FILE = YES;
				IPHONEOS_DEPLOYMENT_TARGET = 16.4;
				MARKETING_VERSION = 1.0;
				PRODUCT_BUNDLE_IDENTIFIER = "mattkeyzer.I-Lost-My-PhoneTests";
				PRODUCT_NAME = "$(TARGET_NAME)";
				SWIFT_EMIT_LOC_STRINGS = NO;
				SWIFT_VERSION = 5.0;
				TARGETED_DEVICE_FAMILY = "1,2";
				TEST_HOST = "$(BUILT_PRODUCTS_DIR)/I Lost My Phone.app/$(BUNDLE_EXECUTABLE_FOLDER_PATH)/I Lost My Phone";
			};
			name = Release;
		};
		C907B0B62A93EF7B005FA537 /* Debug */ = {
			isa = XCBuildConfiguration;
			buildSettings = {
				ALWAYS_EMBED_SWIFT_STANDARD_LIBRARIES = YES;
				CODE_SIGN_STYLE = Automatic;
				CURRENT_PROJECT_VERSION = 1;
				GENERATE_INFOPLIST_FILE = YES;
				MARKETING_VERSION = 1.0;
				PRODUCT_BUNDLE_IDENTIFIER = "mattkeyzer.I-Lost-My-PhoneUITests";
				PRODUCT_NAME = "$(TARGET_NAME)";
				SWIFT_EMIT_LOC_STRINGS = NO;
				SWIFT_VERSION = 5.0;
				TARGETED_DEVICE_FAMILY = "1,2";
				TEST_TARGET_NAME = "I Lost My Phone";
			};
			name = Debug;
		};
		C907B0B72A93EF7B005FA537 /* Release */ = {
			isa = XCBuildConfiguration;
			buildSettings = {
				ALWAYS_EMBED_SWIFT_STANDARD_LIBRARIES = YES;
				CODE_SIGN_STYLE = Automatic;
				CURRENT_PROJECT_VERSION = 1;
				GENERATE_INFOPLIST_FILE = YES;
				MARKETING_VERSION = 1.0;
				PRODUCT_BUNDLE_IDENTIFIER = "mattkeyzer.I-Lost-My-PhoneUITests";
				PRODUCT_NAME = "$(TARGET_NAME)";
				SWIFT_EMIT_LOC_STRINGS = NO;
				SWIFT_VERSION = 5.0;
				TARGETED_DEVICE_FAMILY = "1,2";
				TEST_TARGET_NAME = "I Lost My Phone";
			};
			name = Release;
		};
/* End XCBuildConfiguration section */

/* Begin XCConfigurationList section */
		C907B0862A93EF7A005FA537 /* Build configuration list for PBXProject "I Lost My Phone" */ = {
			isa = XCConfigurationList;
			buildConfigurations = (
				C907B0AD2A93EF7B005FA537 /* Debug */,
				C907B0AE2A93EF7B005FA537 /* Release */,
			);
			defaultConfigurationIsVisible = 0;
			defaultConfigurationName = Release;
		};
		C907B0AF2A93EF7B005FA537 /* Build configuration list for PBXNativeTarget "I Lost My Phone" */ = {
			isa = XCConfigurationList;
			buildConfigurations = (
				C907B0B02A93EF7B005FA537 /* Debug */,
				C907B0B12A93EF7B005FA537 /* Release */,
			);
			defaultConfigurationIsVisible = 0;
			defaultConfigurationName = Release;
		};
		C907B0B22A93EF7B005FA537 /* Build configuration list for PBXNativeTarget "I Lost My PhoneTests" */ = {
			isa = XCConfigurationList;
			buildConfigurations = (
				C907B0B32A93EF7B005FA537 /* Debug */,
				C907B0B42A93EF7B005FA537 /* Release */,
			);
			defaultConfigurationIsVisible = 0;
			defaultConfigurationName = Release;
		};
		C907B0B52A93EF7B005FA537 /* Build configuration list for PBXNativeTarget "I Lost My PhoneUITests" */ = {
			isa = XCConfigurationList;
			buildConfigurations = (
				C907B0B62A93EF7B005FA537 /* Debug */,
				C907B0B72A93EF7B005FA537 /* Release */,
			);
			defaultConfigurationIsVisible = 0;
			defaultConfigurationName = Release;
		};
/* End XCConfigurationList section */
	};
	rootObject = C907B0832A93EF7A005FA537 /* Project object */;
}
