// !$*UTF8*$!
{
	archiveVersion = 1;
	classes = {
	};
	objectVersion = 56;
	objects = {

/* Begin PBXBuildFile section */
		C9F1FE472ACDECDD0089FAE1 /* AppDelegate.swift in Sources */ = {isa = PBXBuildFile; fileRef = C9F1FE462ACDECDD0089FAE1 /* AppDelegate.swift */; };
		C9F1FE492ACDECDD0089FAE1 /* SceneDelegate.swift in Sources */ = {isa = PBXBuildFile; fileRef = C9F1FE482ACDECDD0089FAE1 /* SceneDelegate.swift */; };
		C9F1FE4E2ACDECDD0089FAE1 /* Main.storyboard in Resources */ = {isa = PBXBuildFile; fileRef = C9F1FE4C2ACDECDD0089FAE1 /* Main.storyboard */; };
		C9F1FE502ACDECDE0089FAE1 /* Assets.xcassets in Resources */ = {isa = PBXBuildFile; fileRef = C9F1FE4F2ACDECDE0089FAE1 /* Assets.xcassets */; };
		C9F1FE532ACDECDE0089FAE1 /* LaunchScreen.storyboard in Resources */ = {isa = PBXBuildFile; fileRef = C9F1FE512ACDECDE0089FAE1 /* LaunchScreen.storyboard */; };
		C9F1FE5E2ACDECDE0089FAE1 /* TableViewControllerAppTests.swift in Sources */ = {isa = PBXBuildFile; fileRef = C9F1FE5D2ACDECDE0089FAE1 /* TableViewControllerAppTests.swift */; };
		C9F1FE682ACDECDE0089FAE1 /* TableViewControllerAppUITests.swift in Sources */ = {isa = PBXBuildFile; fileRef = C9F1FE672ACDECDE0089FAE1 /* TableViewControllerAppUITests.swift */; };
		C9F1FE6A2ACDECDE0089FAE1 /* TableViewControllerAppUITestsLaunchTests.swift in Sources */ = {isa = PBXBuildFile; fileRef = C9F1FE692ACDECDE0089FAE1 /* TableViewControllerAppUITestsLaunchTests.swift */; };
		C9F1FE772ACDEE150089FAE1 /* TableViewController.swift in Sources */ = {isa = PBXBuildFile; fileRef = C9F1FE762ACDEE150089FAE1 /* TableViewController.swift */; };
/* End PBXBuildFile section */

/* Begin PBXContainerItemProxy section */
		C9F1FE5A2ACDECDE0089FAE1 /* PBXContainerItemProxy */ = {
			isa = PBXContainerItemProxy;
			containerPortal = C9F1FE3B2ACDECDD0089FAE1 /* Project object */;
			proxyType = 1;
			remoteGlobalIDString = C9F1FE422ACDECDD0089FAE1;
			remoteInfo = TableViewControllerApp;
		};
		C9F1FE642ACDECDE0089FAE1 /* PBXContainerItemProxy */ = {
			isa = PBXContainerItemProxy;
			containerPortal = C9F1FE3B2ACDECDD0089FAE1 /* Project object */;
			proxyType = 1;
			remoteGlobalIDString = C9F1FE422ACDECDD0089FAE1;
			remoteInfo = TableViewControllerApp;
		};
/* End PBXContainerItemProxy section */

/* Begin PBXFileReference section */
		C9F1FE432ACDECDD0089FAE1 /* TableViewControllerApp.app */ = {isa = PBXFileReference; explicitFileType = wrapper.application; includeInIndex = 0; path = TableViewControllerApp.app; sourceTree = BUILT_PRODUCTS_DIR; };
		C9F1FE462ACDECDD0089FAE1 /* AppDelegate.swift */ = {isa = PBXFileReference; lastKnownFileType = sourcecode.swift; path = AppDelegate.swift; sourceTree = "<group>"; };
		C9F1FE482ACDECDD0089FAE1 /* SceneDelegate.swift */ = {isa = PBXFileReference; lastKnownFileType = sourcecode.swift; path = SceneDelegate.swift; sourceTree = "<group>"; };
		C9F1FE4D2ACDECDD0089FAE1 /* Base */ = {isa = PBXFileReference; lastKnownFileType = file.storyboard; name = Base; path = Base.lproj/Main.storyboard; sourceTree = "<group>"; };
		C9F1FE4F2ACDECDE0089FAE1 /* Assets.xcassets */ = {isa = PBXFileReference; lastKnownFileType = folder.assetcatalog; path = Assets.xcassets; sourceTree = "<group>"; };
		C9F1FE522ACDECDE0089FAE1 /* Base */ = {isa = PBXFileReference; lastKnownFileType = file.storyboard; name = Base; path = Base.lproj/LaunchScreen.storyboard; sourceTree = "<group>"; };
		C9F1FE542ACDECDE0089FAE1 /* Info.plist */ = {isa = PBXFileReference; lastKnownFileType = text.plist.xml; path = Info.plist; sourceTree = "<group>"; };
		C9F1FE592ACDECDE0089FAE1 /* TableViewControllerAppTests.xctest */ = {isa = PBXFileReference; explicitFileType = wrapper.cfbundle; includeInIndex = 0; path = TableViewControllerAppTests.xctest; sourceTree = BUILT_PRODUCTS_DIR; };
		C9F1FE5D2ACDECDE0089FAE1 /* TableViewControllerAppTests.swift */ = {isa = PBXFileReference; lastKnownFileType = sourcecode.swift; path = TableViewControllerAppTests.swift; sourceTree = "<group>"; };
		C9F1FE632ACDECDE0089FAE1 /* TableViewControllerAppUITests.xctest */ = {isa = PBXFileReference; explicitFileType = wrapper.cfbundle; includeInIndex = 0; path = TableViewControllerAppUITests.xctest; sourceTree = BUILT_PRODUCTS_DIR; };
		C9F1FE672ACDECDE0089FAE1 /* TableViewControllerAppUITests.swift */ = {isa = PBXFileReference; lastKnownFileType = sourcecode.swift; path = TableViewControllerAppUITests.swift; sourceTree = "<group>"; };
		C9F1FE692ACDECDE0089FAE1 /* TableViewControllerAppUITestsLaunchTests.swift */ = {isa = PBXFileReference; lastKnownFileType = sourcecode.swift; path = TableViewControllerAppUITestsLaunchTests.swift; sourceTree = "<group>"; };
		C9F1FE762ACDEE150089FAE1 /* TableViewController.swift */ = {isa = PBXFileReference; lastKnownFileType = sourcecode.swift; path = TableViewController.swift; sourceTree = "<group>"; };
/* End PBXFileReference section */

/* Begin PBXFrameworksBuildPhase section */
		C9F1FE402ACDECDD0089FAE1 /* Frameworks */ = {
			isa = PBXFrameworksBuildPhase;
			buildActionMask = 2147483647;
			files = (
			);
			runOnlyForDeploymentPostprocessing = 0;
		};
		C9F1FE562ACDECDE0089FAE1 /* Frameworks */ = {
			isa = PBXFrameworksBuildPhase;
			buildActionMask = 2147483647;
			files = (
			);
			runOnlyForDeploymentPostprocessing = 0;
		};
		C9F1FE602ACDECDE0089FAE1 /* Frameworks */ = {
			isa = PBXFrameworksBuildPhase;
			buildActionMask = 2147483647;
			files = (
			);
			runOnlyForDeploymentPostprocessing = 0;
		};
/* End PBXFrameworksBuildPhase section */

/* Begin PBXGroup section */
		C9F1FE3A2ACDECDD0089FAE1 = {
			isa = PBXGroup;
			children = (
				C9F1FE452ACDECDD0089FAE1 /* TableViewControllerApp */,
				C9F1FE5C2ACDECDE0089FAE1 /* TableViewControllerAppTests */,
				C9F1FE662ACDECDE0089FAE1 /* TableViewControllerAppUITests */,
				C9F1FE442ACDECDD0089FAE1 /* Products */,
			);
			sourceTree = "<group>";
		};
		C9F1FE442ACDECDD0089FAE1 /* Products */ = {
			isa = PBXGroup;
			children = (
				C9F1FE432ACDECDD0089FAE1 /* TableViewControllerApp.app */,
				C9F1FE592ACDECDE0089FAE1 /* TableViewControllerAppTests.xctest */,
				C9F1FE632ACDECDE0089FAE1 /* TableViewControllerAppUITests.xctest */,
			);
			name = Products;
			sourceTree = "<group>";
		};
		C9F1FE452ACDECDD0089FAE1 /* TableViewControllerApp */ = {
			isa = PBXGroup;
			children = (
				C9F1FE462ACDECDD0089FAE1 /* AppDelegate.swift */,
				C9F1FE482ACDECDD0089FAE1 /* SceneDelegate.swift */,
				C9F1FE4C2ACDECDD0089FAE1 /* Main.storyboard */,
				C9F1FE762ACDEE150089FAE1 /* TableViewController.swift */,
				C9F1FE4F2ACDECDE0089FAE1 /* Assets.xcassets */,
				C9F1FE512ACDECDE0089FAE1 /* LaunchScreen.storyboard */,
				C9F1FE542ACDECDE0089FAE1 /* Info.plist */,
			);
			path = TableViewControllerApp;
			sourceTree = "<group>";
		};
		C9F1FE5C2ACDECDE0089FAE1 /* TableViewControllerAppTests */ = {
			isa = PBXGroup;
			children = (
				C9F1FE5D2ACDECDE0089FAE1 /* TableViewControllerAppTests.swift */,
			);
			path = TableViewControllerAppTests;
			sourceTree = "<group>";
		};
		C9F1FE662ACDECDE0089FAE1 /* TableViewControllerAppUITests */ = {
			isa = PBXGroup;
			children = (
				C9F1FE672ACDECDE0089FAE1 /* TableViewControllerAppUITests.swift */,
				C9F1FE692ACDECDE0089FAE1 /* TableViewControllerAppUITestsLaunchTests.swift */,
			);
			path = TableViewControllerAppUITests;
			sourceTree = "<group>";
		};
/* End PBXGroup section */

/* Begin PBXNativeTarget section */
		C9F1FE422ACDECDD0089FAE1 /* TableViewControllerApp */ = {
			isa = PBXNativeTarget;
			buildConfigurationList = C9F1FE6D2ACDECDE0089FAE1 /* Build configuration list for PBXNativeTarget "TableViewControllerApp" */;
			buildPhases = (
				C9F1FE3F2ACDECDD0089FAE1 /* Sources */,
				C9F1FE402ACDECDD0089FAE1 /* Frameworks */,
				C9F1FE412ACDECDD0089FAE1 /* Resources */,
			);
			buildRules = (
			);
			dependencies = (
			);
			name = TableViewControllerApp;
			productName = TableViewControllerApp;
			productReference = C9F1FE432ACDECDD0089FAE1 /* TableViewControllerApp.app */;
			productType = "com.apple.product-type.application";
		};
		C9F1FE582ACDECDE0089FAE1 /* TableViewControllerAppTests */ = {
			isa = PBXNativeTarget;
			buildConfigurationList = C9F1FE702ACDECDE0089FAE1 /* Build configuration list for PBXNativeTarget "TableViewControllerAppTests" */;
			buildPhases = (
				C9F1FE552ACDECDE0089FAE1 /* Sources */,
				C9F1FE562ACDECDE0089FAE1 /* Frameworks */,
				C9F1FE572ACDECDE0089FAE1 /* Resources */,
			);
			buildRules = (
			);
			dependencies = (
				C9F1FE5B2ACDECDE0089FAE1 /* PBXTargetDependency */,
			);
			name = TableViewControllerAppTests;
			productName = TableViewControllerAppTests;
			productReference = C9F1FE592ACDECDE0089FAE1 /* TableViewControllerAppTests.xctest */;
			productType = "com.apple.product-type.bundle.unit-test";
		};
		C9F1FE622ACDECDE0089FAE1 /* TableViewControllerAppUITests */ = {
			isa = PBXNativeTarget;
			buildConfigurationList = C9F1FE732ACDECDE0089FAE1 /* Build configuration list for PBXNativeTarget "TableViewControllerAppUITests" */;
			buildPhases = (
				C9F1FE5F2ACDECDE0089FAE1 /* Sources */,
				C9F1FE602ACDECDE0089FAE1 /* Frameworks */,
				C9F1FE612ACDECDE0089FAE1 /* Resources */,
			);
			buildRules = (
			);
			dependencies = (
				C9F1FE652ACDECDE0089FAE1 /* PBXTargetDependency */,
			);
			name = TableViewControllerAppUITests;
			productName = TableViewControllerAppUITests;
			productReference = C9F1FE632ACDECDE0089FAE1 /* TableViewControllerAppUITests.xctest */;
			productType = "com.apple.product-type.bundle.ui-testing";
		};
/* End PBXNativeTarget section */

/* Begin PBXProject section */
		C9F1FE3B2ACDECDD0089FAE1 /* Project object */ = {
			isa = PBXProject;
			attributes = {
				BuildIndependentTargetsInParallel = 1;
				LastSwiftUpdateCheck = 1430;
				LastUpgradeCheck = 1430;
				TargetAttributes = {
					C9F1FE422ACDECDD0089FAE1 = {
						CreatedOnToolsVersion = 14.3.1;
					};
					C9F1FE582ACDECDE0089FAE1 = {
						CreatedOnToolsVersion = 14.3.1;
						TestTargetID = C9F1FE422ACDECDD0089FAE1;
					};
					C9F1FE622ACDECDE0089FAE1 = {
						CreatedOnToolsVersion = 14.3.1;
						TestTargetID = C9F1FE422ACDECDD0089FAE1;
					};
				};
			};
			buildConfigurationList = C9F1FE3E2ACDECDD0089FAE1 /* Build configuration list for PBXProject "TableViewControllerApp" */;
			compatibilityVersion = "Xcode 14.0";
			developmentRegion = en;
			hasScannedForEncodings = 0;
			knownRegions = (
				en,
				Base,
			);
			mainGroup = C9F1FE3A2ACDECDD0089FAE1;
			productRefGroup = C9F1FE442ACDECDD0089FAE1 /* Products */;
			projectDirPath = "";
			projectRoot = "";
			targets = (
				C9F1FE422ACDECDD0089FAE1 /* TableViewControllerApp */,
				C9F1FE582ACDECDE0089FAE1 /* TableViewControllerAppTests */,
				C9F1FE622ACDECDE0089FAE1 /* TableViewControllerAppUITests */,
			);
		};
/* End PBXProject section */

/* Begin PBXResourcesBuildPhase section */
		C9F1FE412ACDECDD0089FAE1 /* Resources */ = {
			isa = PBXResourcesBuildPhase;
			buildActionMask = 2147483647;
			files = (
				C9F1FE532ACDECDE0089FAE1 /* LaunchScreen.storyboard in Resources */,
				C9F1FE502ACDECDE0089FAE1 /* Assets.xcassets in Resources */,
				C9F1FE4E2ACDECDD0089FAE1 /* Main.storyboard in Resources */,
			);
			runOnlyForDeploymentPostprocessing = 0;
		};
		C9F1FE572ACDECDE0089FAE1 /* Resources */ = {
			isa = PBXResourcesBuildPhase;
			buildActionMask = 2147483647;
			files = (
			);
			runOnlyForDeploymentPostprocessing = 0;
		};
		C9F1FE612ACDECDE0089FAE1 /* Resources */ = {
			isa = PBXResourcesBuildPhase;
			buildActionMask = 2147483647;
			files = (
			);
			runOnlyForDeploymentPostprocessing = 0;
		};
/* End PBXResourcesBuildPhase section */

/* Begin PBXSourcesBuildPhase section */
		C9F1FE3F2ACDECDD0089FAE1 /* Sources */ = {
			isa = PBXSourcesBuildPhase;
			buildActionMask = 2147483647;
			files = (
				C9F1FE472ACDECDD0089FAE1 /* AppDelegate.swift in Sources */,
				C9F1FE772ACDEE150089FAE1 /* TableViewController.swift in Sources */,
				C9F1FE492ACDECDD0089FAE1 /* SceneDelegate.swift in Sources */,
			);
			runOnlyForDeploymentPostprocessing = 0;
		};
		C9F1FE552ACDECDE0089FAE1 /* Sources */ = {
			isa = PBXSourcesBuildPhase;
			buildActionMask = 2147483647;
			files = (
				C9F1FE5E2ACDECDE0089FAE1 /* TableViewControllerAppTests.swift in Sources */,
			);
			runOnlyForDeploymentPostprocessing = 0;
		};
		C9F1FE5F2ACDECDE0089FAE1 /* Sources */ = {
			isa = PBXSourcesBuildPhase;
			buildActionMask = 2147483647;
			files = (
				C9F1FE6A2ACDECDE0089FAE1 /* TableViewControllerAppUITestsLaunchTests.swift in Sources */,
				C9F1FE682ACDECDE0089FAE1 /* TableViewControllerAppUITests.swift in Sources */,
			);
			runOnlyForDeploymentPostprocessing = 0;
		};
/* End PBXSourcesBuildPhase section */

/* Begin PBXTargetDependency section */
		C9F1FE5B2ACDECDE0089FAE1 /* PBXTargetDependency */ = {
			isa = PBXTargetDependency;
			target = C9F1FE422ACDECDD0089FAE1 /* TableViewControllerApp */;
			targetProxy = C9F1FE5A2ACDECDE0089FAE1 /* PBXContainerItemProxy */;
		};
		C9F1FE652ACDECDE0089FAE1 /* PBXTargetDependency */ = {
			isa = PBXTargetDependency;
			target = C9F1FE422ACDECDD0089FAE1 /* TableViewControllerApp */;
			targetProxy = C9F1FE642ACDECDE0089FAE1 /* PBXContainerItemProxy */;
		};
/* End PBXTargetDependency section */

/* Begin PBXVariantGroup section */
		C9F1FE4C2ACDECDD0089FAE1 /* Main.storyboard */ = {
			isa = PBXVariantGroup;
			children = (
				C9F1FE4D2ACDECDD0089FAE1 /* Base */,
			);
			name = Main.storyboard;
			sourceTree = "<group>";
		};
		C9F1FE512ACDECDE0089FAE1 /* LaunchScreen.storyboard */ = {
			isa = PBXVariantGroup;
			children = (
				C9F1FE522ACDECDE0089FAE1 /* Base */,
			);
			name = LaunchScreen.storyboard;
			sourceTree = "<group>";
		};
/* End PBXVariantGroup section */

/* Begin XCBuildConfiguration section */
		C9F1FE6B2ACDECDE0089FAE1 /* Debug */ = {
			isa = XCBuildConfiguration;
			buildSettings = {
				ALWAYS_SEARCH_USER_PATHS = NO;
				CLANG_ANALYZER_NONNULL = YES;
				CLANG_ANALYZER_NUMBER_OBJECT_CONVERSION = YES_AGGRESSIVE;
				CLANG_CXX_LANGUAGE_STANDARD = "gnu++20";
				CLANG_ENABLE_MODULES = YES;
				CLANG_ENABLE_OBJC_ARC = YES;
				CLANG_ENABLE_OBJC_WEAK = YES;
				CLANG_WARN_BLOCK_CAPTURE_AUTORELEASING = YES;
				CLANG_WARN_BOOL_CONVERSION = YES;
				CLANG_WARN_COMMA = YES;
				CLANG_WARN_CONSTANT_CONVERSION = YES;
				CLANG_WARN_DEPRECATED_OBJC_IMPLEMENTATIONS = YES;
				CLANG_WARN_DIRECT_OBJC_ISA_USAGE = YES_ERROR;
				CLANG_WARN_DOCUMENTATION_COMMENTS = YES;
				CLANG_WARN_EMPTY_BODY = YES;
				CLANG_WARN_ENUM_CONVERSION = YES;
				CLANG_WARN_INFINITE_RECURSION = YES;
				CLANG_WARN_INT_CONVERSION = YES;
				CLANG_WARN_NON_LITERAL_NULL_CONVERSION = YES;
				CLANG_WARN_OBJC_IMPLICIT_RETAIN_SELF = YES;
				CLANG_WARN_OBJC_LITERAL_CONVERSION = YES;
				CLANG_WARN_OBJC_ROOT_CLASS = YES_ERROR;
				CLANG_WARN_QUOTED_INCLUDE_IN_FRAMEWORK_HEADER = YES;
				CLANG_WARN_RANGE_LOOP_ANALYSIS = YES;
				CLANG_WARN_STRICT_PROTOTYPES = YES;
				CLANG_WARN_SUSPICIOUS_MOVE = YES;
				CLANG_WARN_UNGUARDED_AVAILABILITY = YES_AGGRESSIVE;
				CLANG_WARN_UNREACHABLE_CODE = YES;
				CLANG_WARN__DUPLICATE_METHOD_MATCH = YES;
				COPY_PHASE_STRIP = NO;
				DEBUG_INFORMATION_FORMAT = dwarf;
				ENABLE_STRICT_OBJC_MSGSEND = YES;
				ENABLE_TESTABILITY = YES;
				GCC_C_LANGUAGE_STANDARD = gnu11;
				GCC_DYNAMIC_NO_PIC = NO;
				GCC_NO_COMMON_BLOCKS = YES;
				GCC_OPTIMIZATION_LEVEL = 0;
				GCC_PREPROCESSOR_DEFINITIONS = (
					"DEBUG=1",
					"$(inherited)",
				);
				GCC_WARN_64_TO_32_BIT_CONVERSION = YES;
				GCC_WARN_ABOUT_RETURN_TYPE = YES_ERROR;
				GCC_WARN_UNDECLARED_SELECTOR = YES;
				GCC_WARN_UNINITIALIZED_AUTOS = YES_AGGRESSIVE;
				GCC_WARN_UNUSED_FUNCTION = YES;
				GCC_WARN_UNUSED_VARIABLE = YES;
				IPHONEOS_DEPLOYMENT_TARGET = 16.4;
				MTL_ENABLE_DEBUG_INFO = INCLUDE_SOURCE;
				MTL_FAST_MATH = YES;
				ONLY_ACTIVE_ARCH = YES;
				SDKROOT = iphoneos;
				SWIFT_ACTIVE_COMPILATION_CONDITIONS = DEBUG;
				SWIFT_OPTIMIZATION_LEVEL = "-Onone";
			};
			name = Debug;
		};
		C9F1FE6C2ACDECDE0089FAE1 /* Release */ = {
			isa = XCBuildConfiguration;
			buildSettings = {
				ALWAYS_SEARCH_USER_PATHS = NO;
				CLANG_ANALYZER_NONNULL = YES;
				CLANG_ANALYZER_NUMBER_OBJECT_CONVERSION = YES_AGGRESSIVE;
				CLANG_CXX_LANGUAGE_STANDARD = "gnu++20";
				CLANG_ENABLE_MODULES = YES;
				CLANG_ENABLE_OBJC_ARC = YES;
				CLANG_ENABLE_OBJC_WEAK = YES;
				CLANG_WARN_BLOCK_CAPTURE_AUTORELEASING = YES;
				CLANG_WARN_BOOL_CONVERSION = YES;
				CLANG_WARN_COMMA = YES;
				CLANG_WARN_CONSTANT_CONVERSION = YES;
				CLANG_WARN_DEPRECATED_OBJC_IMPLEMENTATIONS = YES;
				CLANG_WARN_DIRECT_OBJC_ISA_USAGE = YES_ERROR;
				CLANG_WARN_DOCUMENTATION_COMMENTS = YES;
				CLANG_WARN_EMPTY_BODY = YES;
				CLANG_WARN_ENUM_CONVERSION = YES;
				CLANG_WARN_INFINITE_RECURSION = YES;
				CLANG_WARN_INT_CONVERSION = YES;
				CLANG_WARN_NON_LITERAL_NULL_CONVERSION = YES;
				CLANG_WARN_OBJC_IMPLICIT_RETAIN_SELF = YES;
				CLANG_WARN_OBJC_LITERAL_CONVERSION = YES;
				CLANG_WARN_OBJC_ROOT_CLASS = YES_ERROR;
				CLANG_WARN_QUOTED_INCLUDE_IN_FRAMEWORK_HEADER = YES;
				CLANG_WARN_RANGE_LOOP_ANALYSIS = YES;
				CLANG_WARN_STRICT_PROTOTYPES = YES;
				CLANG_WARN_SUSPICIOUS_MOVE = YES;
				CLANG_WARN_UNGUARDED_AVAILABILITY = YES_AGGRESSIVE;
				CLANG_WARN_UNREACHABLE_CODE = YES;
				CLANG_WARN__DUPLICATE_METHOD_MATCH = YES;
				COPY_PHASE_STRIP = NO;
				DEBUG_INFORMATION_FORMAT = "dwarf-with-dsym";
				ENABLE_NS_ASSERTIONS = NO;
				ENABLE_STRICT_OBJC_MSGSEND = YES;
				GCC_C_LANGUAGE_STANDARD = gnu11;
				GCC_NO_COMMON_BLOCKS = YES;
				GCC_WARN_64_TO_32_BIT_CONVERSION = YES;
				GCC_WARN_ABOUT_RETURN_TYPE = YES_ERROR;
				GCC_WARN_UNDECLARED_SELECTOR = YES;
				GCC_WARN_UNINITIALIZED_AUTOS = YES_AGGRESSIVE;
				GCC_WARN_UNUSED_FUNCTION = YES;
				GCC_WARN_UNUSED_VARIABLE = YES;
				IPHONEOS_DEPLOYMENT_TARGET = 16.4;
				MTL_ENABLE_DEBUG_INFO = NO;
				MTL_FAST_MATH = YES;
				SDKROOT = iphoneos;
				SWIFT_COMPILATION_MODE = wholemodule;
				SWIFT_OPTIMIZATION_LEVEL = "-O";
				VALIDATE_PRODUCT = YES;
			};
			name = Release;
		};
		C9F1FE6E2ACDECDE0089FAE1 /* Debug */ = {
			isa = XCBuildConfiguration;
			buildSettings = {
				ASSETCATALOG_COMPILER_APPICON_NAME = AppIcon;
				ASSETCATALOG_COMPILER_GLOBAL_ACCENT_COLOR_NAME = AccentColor;
				CODE_SIGN_STYLE = Automatic;
				CURRENT_PROJECT_VERSION = 1;
				GENERATE_INFOPLIST_FILE = YES;
				INFOPLIST_FILE = TableViewControllerApp/Info.plist;
				INFOPLIST_KEY_UIApplicationSupportsIndirectInputEvents = YES;
				INFOPLIST_KEY_UILaunchStoryboardName = LaunchScreen;
				INFOPLIST_KEY_UIMainStoryboardFile = Main;
				INFOPLIST_KEY_UISupportedInterfaceOrientations_iPad = "UIInterfaceOrientationPortrait UIInterfaceOrientationPortraitUpsideDown UIInterfaceOrientationLandscapeLeft UIInterfaceOrientationLandscapeRight";
				INFOPLIST_KEY_UISupportedInterfaceOrientations_iPhone = "UIInterfaceOrientationPortrait UIInterfaceOrientationLandscapeLeft UIInterfaceOrientationLandscapeRight";
				LD_RUNPATH_SEARCH_PATHS = (
					"$(inherited)",
					"@executable_path/Frameworks",
				);
				MARKETING_VERSION = 1.0;
				PRODUCT_BUNDLE_IDENTIFIER = mattkeyzer.TableViewControllerApp;
				PRODUCT_NAME = "$(TARGET_NAME)";
				SWIFT_EMIT_LOC_STRINGS = YES;
				SWIFT_VERSION = 5.0;
				TARGETED_DEVICE_FAMILY = "1,2";
			};
			name = Debug;
		};
		C9F1FE6F2ACDECDE0089FAE1 /* Release */ = {
			isa = XCBuildConfiguration;
			buildSettings = {
				ASSETCATALOG_COMPILER_APPICON_NAME = AppIcon;
				ASSETCATALOG_COMPILER_GLOBAL_ACCENT_COLOR_NAME = AccentColor;
				CODE_SIGN_STYLE = Automatic;
				CURRENT_PROJECT_VERSION = 1;
				GENERATE_INFOPLIST_FILE = YES;
				INFOPLIST_FILE = TableViewControllerApp/Info.plist;
				INFOPLIST_KEY_UIApplicationSupportsIndirectInputEvents = YES;
				INFOPLIST_KEY_UILaunchStoryboardName = LaunchScreen;
				INFOPLIST_KEY_UIMainStoryboardFile = Main;
				INFOPLIST_KEY_UISupportedInterfaceOrientations_iPad = "UIInterfaceOrientationPortrait UIInterfaceOrientationPortraitUpsideDown UIInterfaceOrientationLandscapeLeft UIInterfaceOrientationLandscapeRight";
				INFOPLIST_KEY_UISupportedInterfaceOrientations_iPhone = "UIInterfaceOrientationPortrait UIInterfaceOrientationLandscapeLeft UIInterfaceOrientationLandscapeRight";
				LD_RUNPATH_SEARCH_PATHS = (
					"$(inherited)",
					"@executable_path/Frameworks",
				);
				MARKETING_VERSION = 1.0;
				PRODUCT_BUNDLE_IDENTIFIER = mattkeyzer.TableViewControllerApp;
				PRODUCT_NAME = "$(TARGET_NAME)";
				SWIFT_EMIT_LOC_STRINGS = YES;
				SWIFT_VERSION = 5.0;
				TARGETED_DEVICE_FAMILY = "1,2";
			};
			name = Release;
		};
		C9F1FE712ACDECDE0089FAE1 /* Debug */ = {
			isa = XCBuildConfiguration;
			buildSettings = {
				ALWAYS_EMBED_SWIFT_STANDARD_LIBRARIES = YES;
				BUNDLE_LOADER = "$(TEST_HOST)";
				CODE_SIGN_STYLE = Automatic;
				CURRENT_PROJECT_VERSION = 1;
				GENERATE_INFOPLIST_FILE = YES;
				IPHONEOS_DEPLOYMENT_TARGET = 16.4;
				MARKETING_VERSION = 1.0;
				PRODUCT_BUNDLE_IDENTIFIER = mattkeyzer.TableViewControllerAppTests;
				PRODUCT_NAME = "$(TARGET_NAME)";
				SWIFT_EMIT_LOC_STRINGS = NO;
				SWIFT_VERSION = 5.0;
				TARGETED_DEVICE_FAMILY = "1,2";
				TEST_HOST = "$(BUILT_PRODUCTS_DIR)/TableViewControllerApp.app/$(BUNDLE_EXECUTABLE_FOLDER_PATH)/TableViewControllerApp";
			};
			name = Debug;
		};
		C9F1FE722ACDECDE0089FAE1 /* Release */ = {
			isa = XCBuildConfiguration;
			buildSettings = {
				ALWAYS_EMBED_SWIFT_STANDARD_LIBRARIES = YES;
				BUNDLE_LOADER = "$(TEST_HOST)";
				CODE_SIGN_STYLE = Automatic;
				CURRENT_PROJECT_VERSION = 1;
				GENERATE_INFOPLIST_FILE = YES;
				IPHONEOS_DEPLOYMENT_TARGET = 16.4;
				MARKETING_VERSION = 1.0;
				PRODUCT_BUNDLE_IDENTIFIER = mattkeyzer.TableViewControllerAppTests;
				PRODUCT_NAME = "$(TARGET_NAME)";
				SWIFT_EMIT_LOC_STRINGS = NO;
				SWIFT_VERSION = 5.0;
				TARGETED_DEVICE_FAMILY = "1,2";
				TEST_HOST = "$(BUILT_PRODUCTS_DIR)/TableViewControllerApp.app/$(BUNDLE_EXECUTABLE_FOLDER_PATH)/TableViewControllerApp";
			};
			name = Release;
		};
		C9F1FE742ACDECDE0089FAE1 /* Debug */ = {
			isa = XCBuildConfiguration;
			buildSettings = {
				ALWAYS_EMBED_SWIFT_STANDARD_LIBRARIES = YES;
				CODE_SIGN_STYLE = Automatic;
				CURRENT_PROJECT_VERSION = 1;
				GENERATE_INFOPLIST_FILE = YES;
				MARKETING_VERSION = 1.0;
				PRODUCT_BUNDLE_IDENTIFIER = mattkeyzer.TableViewControllerAppUITests;
				PRODUCT_NAME = "$(TARGET_NAME)";
				SWIFT_EMIT_LOC_STRINGS = NO;
				SWIFT_VERSION = 5.0;
				TARGETED_DEVICE_FAMILY = "1,2";
				TEST_TARGET_NAME = TableViewControllerApp;
			};
			name = Debug;
		};
		C9F1FE752ACDECDE0089FAE1 /* Release */ = {
			isa = XCBuildConfiguration;
			buildSettings = {
				ALWAYS_EMBED_SWIFT_STANDARD_LIBRARIES = YES;
				CODE_SIGN_STYLE = Automatic;
				CURRENT_PROJECT_VERSION = 1;
				GENERATE_INFOPLIST_FILE = YES;
				MARKETING_VERSION = 1.0;
				PRODUCT_BUNDLE_IDENTIFIER = mattkeyzer.TableViewControllerAppUITests;
				PRODUCT_NAME = "$(TARGET_NAME)";
				SWIFT_EMIT_LOC_STRINGS = NO;
				SWIFT_VERSION = 5.0;
				TARGETED_DEVICE_FAMILY = "1,2";
				TEST_TARGET_NAME = TableViewControllerApp;
			};
			name = Release;
		};
/* End XCBuildConfiguration section */

/* Begin XCConfigurationList section */
		C9F1FE3E2ACDECDD0089FAE1 /* Build configuration list for PBXProject "TableViewControllerApp" */ = {
			isa = XCConfigurationList;
			buildConfigurations = (
				C9F1FE6B2ACDECDE0089FAE1 /* Debug */,
				C9F1FE6C2ACDECDE0089FAE1 /* Release */,
			);
			defaultConfigurationIsVisible = 0;
			defaultConfigurationName = Release;
		};
		C9F1FE6D2ACDECDE0089FAE1 /* Build configuration list for PBXNativeTarget "TableViewControllerApp" */ = {
			isa = XCConfigurationList;
			buildConfigurations = (
				C9F1FE6E2ACDECDE0089FAE1 /* Debug */,
				C9F1FE6F2ACDECDE0089FAE1 /* Release */,
			);
			defaultConfigurationIsVisible = 0;
			defaultConfigurationName = Release;
		};
		C9F1FE702ACDECDE0089FAE1 /* Build configuration list for PBXNativeTarget "TableViewControllerAppTests" */ = {
			isa = XCConfigurationList;
			buildConfigurations = (
				C9F1FE712ACDECDE0089FAE1 /* Debug */,
				C9F1FE722ACDECDE0089FAE1 /* Release */,
			);
			defaultConfigurationIsVisible = 0;
			defaultConfigurationName = Release;
		};
		C9F1FE732ACDECDE0089FAE1 /* Build configuration list for PBXNativeTarget "TableViewControllerAppUITests" */ = {
			isa = XCConfigurationList;
			buildConfigurations = (
				C9F1FE742ACDECDE0089FAE1 /* Debug */,
				C9F1FE752ACDECDE0089FAE1 /* Release */,
			);
			defaultConfigurationIsVisible = 0;
			defaultConfigurationName = Release;
		};
/* End XCConfigurationList section */
	};
	rootObject = C9F1FE3B2ACDECDD0089FAE1 /* Project object */;
}
